
Microsoft Visual Studio Solution File, Format Version 12.00
# Visual Studio Version 17
VisualStudioVersion = 17.0.32126.317
MinimumVisualStudioVersion = 10.0.40219.1
Project("{FAE04EC0-301F-11D3-BF4B-00C04F79EFBC}") = "Lisätehtävä 5.0", "Lisätehtävä 5.0\Lisätehtävä 5.0.csproj", "{CCC9FC4E-A108-4828-9208-EA67AE48D033}"
EndProject
Project("{FAE04EC0-301F-11D3-BF4B-00C04F79EFBC}") = "Laivanupotus2.0", "Laivanupotus2.0\Laivanupotus2.0.csproj", "{A11FC4CB-C06D-4339-A220-20AF9EEBBC63}"
EndProject
Global
	GlobalSection(SolutionConfigurationPlatforms) = preSolution
		Debug|Any CPU = Debug|Any CPU
		Release|Any CPU = Release|Any CPU
	EndGlobalSection
	GlobalSection(ProjectConfigurationPlatforms) = postSolution
		{CCC9FC4E-A108-4828-9208-EA67AE48D033}.Debug|Any CPU.ActiveCfg = Debug|Any CPU
		{CCC9FC4E-A108-4828-9208-EA67AE48D033}.Debug|Any CPU.Build.0 = Debug|Any CPU
		{CCC9FC4E-A108-4828-9208-EA67AE48D033}.Release|Any CPU.ActiveCfg = Release|Any CPU
		{CCC9FC4E-A108-4828-9208-EA67AE48D033}.Release|Any CPU.Build.0 = Release|Any CPU
		{A11FC4CB-C06D-4339-A220-20AF9EEBBC63}.Debug|Any CPU.ActiveCfg = Debug|Any CPU
		{A11FC4CB-C06D-4339-A220-20AF9EEBBC63}.Debug|Any CPU.Build.0 = Debug|Any CPU
		{A11FC4CB-C06D-4339-A220-20AF9EEBBC63}.Release|Any CPU.ActiveCfg = Release|Any CPU
		{A11FC4CB-C06D-4339-A220-20AF9EEBBC63}.Release|Any CPU.Build.0 = Release|Any CPU
	EndGlobalSection
	GlobalSection(SolutionProperties) = preSolution
		HideSolutionNode = FALSE
	EndGlobalSection
	GlobalSection(ExtensibilityGlobals) = postSolution
		SolutionGuid = {EF5C3E7D-53C3-468E-96F4-79FCED86044A}
	EndGlobalSection
EndGlobal
